
Microsoft Visual Studio Solution File, Format Version 12.00
# Visual Studio 2013
VisualStudioVersion = 12.0.21005.1
MinimumVisualStudioVersion = 10.0.40219.1
Project("{FAE04EC0-301F-11D3-BF4B-00C04F79EFBC}") = "HN.Model", "HN.Model\HN.Model.csproj", "{E67D84F1-6D12-40B0-8053-CDD40239D0C6}"
EndProject
Project("{FAE04EC0-301F-11D3-BF4B-00C04F79EFBC}") = "HN.DAL", "HN.DAL\HN.DAL.csproj", "{BA6B5DFB-B504-48CE-9B89-1D97BF087E2D}"
EndProject
Project("{FAE04EC0-301F-11D3-BF4B-00C04F79EFBC}") = "HN.BLL", "HN.BLL\HN.BLL.csproj", "{5504916D-8BAF-4A65-A69D-FEDBE49E0E87}"
EndProject
Project("{FAE04EC0-301F-11D3-BF4B-00C04F79EFBC}") = "HN.UI", "HN.UI\HN.UI.csproj", "{F6BBC9EE-1BD2-40A2-BC37-5838A08BA129}"
EndProject
Project("{2150E333-8FDC-42A3-9474-1A3956D46DE8}") = "三层", "三层", "{A98F9285-5A9F-4DEC-A05D-78A3BB5AA583}"
EndProject
Project("{2150E333-8FDC-42A3-9474-1A3956D46DE8}") = "Public", "Public", "{1549A4B5-33FF-4FEB-8C58-45C31F9F75D5}"
EndProject
Project("{FAE04EC0-301F-11D3-BF4B-00C04F79EFBC}") = "HN.Utility", "HN.Utility\HN.Utility.csproj", "{C35E34D2-00B8-465B-8EBE-88B996E2847B}"
EndProject
Global
	GlobalSection(SolutionConfigurationPlatforms) = preSolution
		Debug|Any CPU = Debug|Any CPU
		Release|Any CPU = Release|Any CPU
	EndGlobalSection
	GlobalSection(ProjectConfigurationPlatforms) = postSolution
		{E67D84F1-6D12-40B0-8053-CDD40239D0C6}.Debug|Any CPU.ActiveCfg = Debug|Any CPU
		{E67D84F1-6D12-40B0-8053-CDD40239D0C6}.Debug|Any CPU.Build.0 = Debug|Any CPU
		{E67D84F1-6D12-40B0-8053-CDD40239D0C6}.Release|Any CPU.ActiveCfg = Release|Any CPU
		{E67D84F1-6D12-40B0-8053-CDD40239D0C6}.Release|Any CPU.Build.0 = Release|Any CPU
		{BA6B5DFB-B504-48CE-9B89-1D97BF087E2D}.Debug|Any CPU.ActiveCfg = Debug|Any CPU
		{BA6B5DFB-B504-48CE-9B89-1D97BF087E2D}.Debug|Any CPU.Build.0 = Debug|Any CPU
		{BA6B5DFB-B504-48CE-9B89-1D97BF087E2D}.Release|Any CPU.ActiveCfg = Release|Any CPU
		{BA6B5DFB-B504-48CE-9B89-1D97BF087E2D}.Release|Any CPU.Build.0 = Release|Any CPU
		{5504916D-8BAF-4A65-A69D-FEDBE49E0E87}.Debug|Any CPU.ActiveCfg = Debug|Any CPU
		{5504916D-8BAF-4A65-A69D-FEDBE49E0E87}.Debug|Any CPU.Build.0 = Debug|Any CPU
		{5504916D-8BAF-4A65-A69D-FEDBE49E0E87}.Release|Any CPU.ActiveCfg = Release|Any CPU
		{5504916D-8BAF-4A65-A69D-FEDBE49E0E87}.Release|Any CPU.Build.0 = Release|Any CPU
		{F6BBC9EE-1BD2-40A2-BC37-5838A08BA129}.Debug|Any CPU.ActiveCfg = Debug|Any CPU
		{F6BBC9EE-1BD2-40A2-BC37-5838A08BA129}.Debug|Any CPU.Build.0 = Debug|Any CPU
		{F6BBC9EE-1BD2-40A2-BC37-5838A08BA129}.Release|Any CPU.ActiveCfg = Release|Any CPU
		{F6BBC9EE-1BD2-40A2-BC37-5838A08BA129}.Release|Any CPU.Build.0 = Release|Any CPU
		{C35E34D2-00B8-465B-8EBE-88B996E2847B}.Debug|Any CPU.ActiveCfg = Debug|Any CPU
		{C35E34D2-00B8-465B-8EBE-88B996E2847B}.Debug|Any CPU.Build.0 = Debug|Any CPU
		{C35E34D2-00B8-465B-8EBE-88B996E2847B}.Release|Any CPU.ActiveCfg = Release|Any CPU
		{C35E34D2-00B8-465B-8EBE-88B996E2847B}.Release|Any CPU.Build.0 = Release|Any CPU
	EndGlobalSection
	GlobalSection(SolutionProperties) = preSolution
		HideSolutionNode = FALSE
	EndGlobalSection
	GlobalSection(NestedProjects) = preSolution
		{BA6B5DFB-B504-48CE-9B89-1D97BF087E2D} = {A98F9285-5A9F-4DEC-A05D-78A3BB5AA583}
		{5504916D-8BAF-4A65-A69D-FEDBE49E0E87} = {A98F9285-5A9F-4DEC-A05D-78A3BB5AA583}
		{E67D84F1-6D12-40B0-8053-CDD40239D0C6} = {A98F9285-5A9F-4DEC-A05D-78A3BB5AA583}
		{C35E34D2-00B8-465B-8EBE-88B996E2847B} = {1549A4B5-33FF-4FEB-8C58-45C31F9F75D5}
	EndGlobalSection
EndGlobal
